<?xml version="1.0" encoding="utf-8"?>
<Project ToolsVersion="4.0" xmlns="http://schemas.microsoft.com/developer/msbuild/2003">
  <ItemGroup>
    <Filter Include="Source Files">
      <UniqueIdentifier>{4FC737F1-C7A5-4376-A066-2A32D752A2FF}</UniqueIdentifier>
      <Extensions>cpp;c;cc;cxx;c++;cppm;ixx;def;odl;idl;hpj;bat;asm;asmx</Extensions>
    </Filter>
    <Filter Include="Header Files">
      <UniqueIdentifier>{93995380-89BD-4b04-88EB-625FBE52EBFB}</UniqueIdentifier>
      <Extensions>h;hh;hpp;hxx;h++;hm;inl;inc;ipp;xsd</Extensions>
    </Filter>
    <Filter Include="Resource Files">
      <UniqueIdentifier>{67DA6AB6-F800-4c08-8B7A-83BB121AAD01}</UniqueIdentifier>
      <Extensions>rc;ico;cur;bmp;dlg;rc2;rct;bin;rgs;gif;jpg;jpeg;jpe;resx;tiff;tif;png;wav;mfcribbon-ms</Extensions>
    </Filter>
  </ItemGroup>
  <ItemGroup>
    <ClInclude Include="src\config.h">
      <Filter>Header Files</Filter>
    </ClInclude>
    <ClInclude Include="src\patchlevel.h">
      <Filter>Header Files</Filter>
    </ClInclude>
    <ClInclude Include="src\port.h">
      <Filter>Header Files</Filter>
    </ClInclude>
    <ClInclude Include="src\objects\object.h">
      <Filter>Header Files</Filter>
    </ClInclude>
    <ClInclude Include="src\objects\intobject.h">
      <Filter>Header Files</Filter>
    </ClInclude>
    <ClInclude Include="src\core\mem.h">
      <Filter>Header Files</Filter>
    </ClInclude>
    <ClInclude Include="src\Cronus.h">
      <Filter>Header Files</Filter>
    </ClInclude>
    <ClInclude Include="src\objects\stringobject.h">
      <Filter>Header Files</Filter>
    </ClInclude>
    <ClInclude Include="src\objects\floatobject.h">
      <Filter>Header Files</Filter>
    </ClInclude>
    <ClInclude Include="src\core\error.h">
      <Filter>Header Files</Filter>
    </ClInclude>
    <ClInclude Include="src\core\thread.h">
      <Filter>Header Files</Filter>
    </ClInclude>
    <ClInclude Include="src\core\runtime.h">
      <Filter>Header Files</Filter>
    </ClInclude>
    <ClInclude Include="src\core\status.h">
      <Filter>Header Files</Filter>
    </ClInclude>
    <ClInclude Include="src\core\cronusrun.h">
      <Filter>Header Files</Filter>
    </ClInclude>
    <ClInclude Include="src\core\interpreter.h">
      <Filter>Header Files</Filter>
    </ClInclude>
    <ClInclude Include="src\objects\baseobject.h">
      <Filter>Header Files</Filter>
    </ClInclude>
    <ClInclude Include="src\core\lifecycle.h">
      <Filter>Header Files</Filter>
    </ClInclude>
    <ClInclude Include="src\core\errorcode.h">
      <Filter>Header Files</Filter>
    </ClInclude>
    <ClInclude Include="src\parser\ast.h">
      <Filter>Header Files</Filter>
    </ClInclude>
    <ClInclude Include="src\parser\generator.h">
      <Filter>Header Files</Filter>
    </ClInclude>
    <ClInclude Include="src\parser\parser.h">
      <Filter>Header Files</Filter>
    </ClInclude>
    <ClInclude Include="src\parser\token.h">
      <Filter>Header Files</Filter>
    </ClInclude>
    <ClInclude Include="src\parser\tokenizer.h">
      <Filter>Header Files</Filter>
    </ClInclude>
    <ClInclude Include="src\core\sys.h">
      <Filter>Header Files</Filter>
    </ClInclude>
    <ClInclude Include="src\core\ctype.h">
      <Filter>Header Files</Filter>
    </ClInclude>
    <ClInclude Include="src\objects\listobject.h">
      <Filter>Header Files</Filter>
    </ClInclude>
    <ClInclude Include="src\core\arena.h">
      <Filter>Header Files</Filter>
    </ClInclude>
    <ClInclude Include="src\objects\boolobject.h">
      <Filter>Header Files</Filter>
    </ClInclude>
  </ItemGroup>
  <ItemGroup>
    <ClCompile Include="src\main.cpp">
      <Filter>Source Files</Filter>
    </ClCompile>
    <ClCompile Include="src\objects\object.cpp">
      <Filter>Source Files</Filter>
    </ClCompile>
    <ClCompile Include="src\core\mem.cpp">
      <Filter>Source Files</Filter>
    </ClCompile>
    <ClCompile Include="src\objects\intobject.cpp">
      <Filter>Source Files</Filter>
    </ClCompile>
    <ClCompile Include="src\objects\stringobject.cpp">
      <Filter>Source Files</Filter>
    </ClCompile>
    <ClCompile Include="src\objects\floatobject.cpp">
      <Filter>Source Files</Filter>
    </ClCompile>
    <ClCompile Include="src\core\error.cpp">
      <Filter>Source Files</Filter>
    </ClCompile>
    <ClCompile Include="src\core\thread.cpp">
      <Filter>Source Files</Filter>
    </ClCompile>
    <ClCompile Include="src\core\status.cpp">
      <Filter>Source Files</Filter>
    </ClCompile>
    <ClCompile Include="src\core\runtime.cpp">
      <Filter>Source Files</Filter>
    </ClCompile>
    <ClCompile Include="src\core\cronusrun.cpp">
      <Filter>Source Files</Filter>
    </ClCompile>
    <ClCompile Include="src\core\interpreter.cpp">
      <Filter>Source Files</Filter>
    </ClCompile>
    <ClCompile Include="src\objects\baseobject.cpp">
      <Filter>Source Files</Filter>
    </ClCompile>
    <ClCompile Include="src\core\lifecycle.cpp">
      <Filter>Source Files</Filter>
    </ClCompile>
    <ClCompile Include="src\parser\ast.cpp">
      <Filter>Source Files</Filter>
    </ClCompile>
    <ClCompile Include="src\parser\generator.cpp">
      <Filter>Source Files</Filter>
    </ClCompile>
    <ClCompile Include="src\parser\token.cpp">
      <Filter>Source Files</Filter>
    </ClCompile>
    <ClCompile Include="src\parser\tokenizer.cpp">
      <Filter>Source Files</Filter>
    </ClCompile>
    <ClCompile Include="src\core\sys.cpp">
      <Filter>Source Files</Filter>
    </ClCompile>
    <ClCompile Include="src\core\ctype.cpp">
      <Filter>Source Files</Filter>
    </ClCompile>
    <ClCompile Include="src\parser\parser.cpp">
      <Filter>Source Files</Filter>
    </ClCompile>
    <ClCompile Include="src\objects\listobject.cpp">
      <Filter>Source Files</Filter>
    </ClCompile>
    <ClCompile Include="src\core\arena.cpp">
      <Filter>Source Files</Filter>
    </ClCompile>
    <ClCompile Include="src\objects\boolobject.cpp">
      <Filter>Source Files</Filter>
    </ClCompile>
  </ItemGroup>
</Project>